
Microsoft Visual Studio Solution File, Format Version 12.00
# Visual Studio Version 17
VisualStudioVersion = 17.10.35122.118
MinimumVisualStudioVersion = 10.0.40219.1
Project("{FAE04EC0-301F-11D3-BF4B-00C04F79EFBC}") = "VideoGamesCatalogue.Server", "VideoGamesCatalogue.Server\VideoGamesCatalogue.Server.csproj", "{619008E2-C979-4D18-B190-74B79835B7C0}"
EndProject
Project("{54A90642-561A-4BB1-A94E-469ADEE60C69}") = "videogamescatalogue.client", "videogamescatalogue.client\videogamescatalogue.client.esproj", "{C98094D6-5724-4921-8BDA-00E3DB00C54B}"
EndProject
Global
	GlobalSection(SolutionConfigurationPlatforms) = preSolution
		Debug|Any CPU = Debug|Any CPU
		Release|Any CPU = Release|Any CPU
	EndGlobalSection
	GlobalSection(ProjectConfigurationPlatforms) = postSolution
		{619008E2-C979-4D18-B190-74B79835B7C0}.Debug|Any CPU.ActiveCfg = Debug|Any CPU
		{619008E2-C979-4D18-B190-74B79835B7C0}.Debug|Any CPU.Build.0 = Debug|Any CPU
		{619008E2-C979-4D18-B190-74B79835B7C0}.Release|Any CPU.ActiveCfg = Release|Any CPU
		{619008E2-C979-4D18-B190-74B79835B7C0}.Release|Any CPU.Build.0 = Release|Any CPU
		{C98094D6-5724-4921-8BDA-00E3DB00C54B}.Debug|Any CPU.ActiveCfg = Debug|Any CPU
		{C98094D6-5724-4921-8BDA-00E3DB00C54B}.Debug|Any CPU.Build.0 = Debug|Any CPU
		{C98094D6-5724-4921-8BDA-00E3DB00C54B}.Debug|Any CPU.Deploy.0 = Debug|Any CPU
		{C98094D6-5724-4921-8BDA-00E3DB00C54B}.Release|Any CPU.ActiveCfg = Release|Any CPU
		{C98094D6-5724-4921-8BDA-00E3DB00C54B}.Release|Any CPU.Build.0 = Release|Any CPU
		{C98094D6-5724-4921-8BDA-00E3DB00C54B}.Release|Any CPU.Deploy.0 = Release|Any CPU
	EndGlobalSection
	GlobalSection(SolutionProperties) = preSolution
		HideSolutionNode = FALSE
	EndGlobalSection
	GlobalSection(ExtensibilityGlobals) = postSolution
		SolutionGuid = {EF074C60-BB76-4B6B-8D6D-966C01252D0C}
	EndGlobalSection
EndGlobal
